// !$*UTF8*$!
{
	archiveVersion = 1;
	classes = {
	};
	objectVersion = 77;
	objects = {

/* Begin PBXBuildFile section */
		057BB42A7DC6DA1662FFC305 /* BookDetailView.swift in Sources */ = {isa = PBXBuildFile; fileRef = F60BA012E937FDC3266CEAAC /* BookDetailView.swift */; };
		0BDDA8058FCDA7E8B0FA23D2 /* SessionStore.swift in Sources */ = {isa = PBXBuildFile; fileRef = 02A238C8FEF0622E96FC931A /* SessionStore.swift */; };
		12F8A89E5D0FD951278E87D3 /* ChapterListUITests.swift in Sources */ = {isa = PBXBuildFile; fileRef = 590CE78C2F18BB27ED8D519A /* ChapterListUITests.swift */; };
		1A30F8BB4FD35394AAA420C5 /* ReaderSettingsToolbar.swift in Sources */ = {isa = PBXBuildFile; fileRef = 6CB0DB5D451A84BABAD77673 /* ReaderSettingsToolbar.swift */; };
		1BB202042E037EAF2316FE48 /* Book.swift in Sources */ = {isa = PBXBuildFile; fileRef = D1B12EADCA0EFAF291FD9838 /* Book.swift */; };
		1EFD6360A2C903E322D7E5E2 /* WebnovelReaderApp.swift in Sources */ = {isa = PBXBuildFile; fileRef = BCCFA3ECCF1BC534D815BE89 /* WebnovelReaderApp.swift */; };
		288E6EF37C418E4E17F10599 /* sherpa-onnx in Frameworks */ = {isa = PBXBuildFile; productRef = 7077642E7C1882099C491E58 /* sherpa-onnx */; };
		329DA27C71D1EAD15CB7E3EF /* BookRow.swift in Sources */ = {isa = PBXBuildFile; fileRef = 5117F1E588A2F64078970C56 /* BookRow.swift */; };
		33D575D0EB0BE195DE94E78F /* TTSVoice.swift in Sources */ = {isa = PBXBuildFile; fileRef = EA4C129AEC16B23659D86A76 /* TTSVoice.swift */; };
		405FB7143AFA70ACA00B3F7F /* DownloadManager.swift in Sources */ = {isa = PBXBuildFile; fileRef = E323E4940121D8CD5ED4F589 /* DownloadManager.swift */; };
		4BD6C852923B36C639FF988B /* PlaybackBar.swift in Sources */ = {isa = PBXBuildFile; fileRef = 38B2768DB2EF882C9504B517 /* PlaybackBar.swift */; };
		4C2FD0CE1A38BE36C260D241 /* SettingsAndPlaybarLayoutUITests.swift in Sources */ = {isa = PBXBuildFile; fileRef = E77B7759E1190A621260BC2D /* SettingsAndPlaybarLayoutUITests.swift */; };
		525D00CEE7BDBD175A01D2E4 /* OfflineDownloadUITests.swift in Sources */ = {isa = PBXBuildFile; fileRef = 8DBCCF9522AFEE7CBAD6CA7D /* OfflineDownloadUITests.swift */; };
		589A1BFA8C2F69AA15C5B895 /* LoginView.swift in Sources */ = {isa = PBXBuildFile; fileRef = 4504947934A2B3AECF872F72 /* LoginView.swift */; };
		5952907776FF164D7CFE6429 /* ReaderPlaybackController.swift in Sources */ = {isa = PBXBuildFile; fileRef = D86948B589F016B404B328BE /* ReaderPlaybackController.swift */; };
		5D9892CB3ADD91F8903A819C /* ResumeFlowUITests.swift in Sources */ = {isa = PBXBuildFile; fileRef = A23CE4FF9D11C814434BC096 /* ResumeFlowUITests.swift */; };
		60D547ECFC0BF5D6FBA4D62A /* Assets.xcassets in Resources */ = {isa = PBXBuildFile; fileRef = CA3F21C8B4954B34AA708570 /* Assets.xcassets */; };
		62C269BBB96D7C16A2EB3462 /* Keychain.swift in Sources */ = {isa = PBXBuildFile; fileRef = 6587C63291898026681CC4FC /* Keychain.swift */; };
		62E40856A93A1A0D969DCA5B /* BookDetailActionsUITests.swift in Sources */ = {isa = PBXBuildFile; fileRef = DBDAC71CFDFC1EC6A3F6CD4E /* BookDetailActionsUITests.swift */; };
		712CC9D873EC43419CBADFFC /* ChapterListSheet.swift in Sources */ = {isa = PBXBuildFile; fileRef = 253CFE7887D5A59D89E12AD5 /* ChapterListSheet.swift */; };
		7F6655053DDE66F5844B0A78 /* ProgressStore.swift in Sources */ = {isa = PBXBuildFile; fileRef = F71F4FEECB8FC120E2D7ACA3 /* ProgressStore.swift */; };
		814D74F701676CD7B17DB49D /* ChapterTitles.swift in Sources */ = {isa = PBXBuildFile; fileRef = 6501E541F5688086EE375D88 /* ChapterTitles.swift */; };
		82E705700471517BACD99233 /* AudioPlaybackService.swift in Sources */ = {isa = PBXBuildFile; fileRef = 39AFB5C424CB4F3411EF2E1C /* AudioPlaybackService.swift */; };
		84CDE63B346CFA8781341F91 /* ReaderView.swift in Sources */ = {isa = PBXBuildFile; fileRef = 6E57E5AABFA973BEC1EC6782 /* ReaderView.swift */; };
		8B9DFD7D380097A7AE637604 /* PlaybackPersistenceUITests.swift in Sources */ = {isa = PBXBuildFile; fileRef = 39CB3F89A05B839BE6D59815 /* PlaybackPersistenceUITests.swift */; };
		91133D4F60ADB994746EBB32 /* ChapterFragmentParser.swift in Sources */ = {isa = PBXBuildFile; fileRef = 74B2204E8D3D938583F01489 /* ChapterFragmentParser.swift */; };
		9447EC2CEA1E4B3C0F55C341 /* APIClient.swift in Sources */ = {isa = PBXBuildFile; fileRef = FE6217F8797409C3BC9D1BFC /* APIClient.swift */; };
		A5C0C56FA9DBCFB7E20E056E /* HistoryView.swift in Sources */ = {isa = PBXBuildFile; fileRef = 7D5515B19541614E3D26B666 /* HistoryView.swift */; };
		ABCBDA0B1D0335FE4650CC24 /* ReadingProgress.swift in Sources */ = {isa = PBXBuildFile; fileRef = 393BBC110CC5F516C47AD621 /* ReadingProgress.swift */; };
		AEFD1810A6923AFCB301959D /* tokens.txt in Resources */ = {isa = PBXBuildFile; fileRef = 2538B9C2D810DA7B997904AC /* tokens.txt */; };
		B1158413D4404F3BA886912F /* LoginFlowUITests.swift in Sources */ = {isa = PBXBuildFile; fileRef = BB44137B32FE2CC7F103757F /* LoginFlowUITests.swift */; };
		B174696283E4D1D69C9A4ACA /* ReaderSettingsSheet.swift in Sources */ = {isa = PBXBuildFile; fileRef = 2CFD9E76D43D8E28A05E4A8A /* ReaderSettingsSheet.swift */; };
		BC7774DC5AA3F54E7F5C5299 /* vi_VN-vais1000-medium.onnx in Resources */ = {isa = PBXBuildFile; fileRef = 19BB4D3E4A9827CF125F6CC5 /* vi_VN-vais1000-medium.onnx */; };
		C30C58DC9526D986385052DC /* PiperOfflineTTSService.swift in Sources */ = {isa = PBXBuildFile; fileRef = 67FCD507015BA179DEAFCA4B /* PiperOfflineTTSService.swift */; };
		CA7ECBB0F96F47DE90BDDA58 /* TTSPlaybackUITests.swift in Sources */ = {isa = PBXBuildFile; fileRef = 91A32907F3C51AD7EB26D010 /* TTSPlaybackUITests.swift */; };
		CBCE947F9F049237E90DE1BB /* DownloadedBooksView.swift in Sources */ = {isa = PBXBuildFile; fileRef = 1F172F2EE00F7768439581E2 /* DownloadedBooksView.swift */; };
		E1D6DCC98BFD391488935A9C /* CoverImage.swift in Sources */ = {isa = PBXBuildFile; fileRef = 6D24D2C47B51D7655DCB2A4B /* CoverImage.swift */; };
		E729385900ADBD810C521459 /* NetworkMonitor.swift in Sources */ = {isa = PBXBuildFile; fileRef = 2E16D74A6AA8A1A5ED6CF291 /* NetworkMonitor.swift */; };
		E737A4B4DB04177DA20C8D61 /* LibraryView.swift in Sources */ = {isa = PBXBuildFile; fileRef = 8B341D7BF826C02000149E75 /* LibraryView.swift */; };
		EAE570E582ECF7A0E5F68BCA /* TextSegmentation.swift in Sources */ = {isa = PBXBuildFile; fileRef = 65F1934BFB315721963575A7 /* TextSegmentation.swift */; };
		FED5D0C4F738A6E4022D7274 /* espeak-ng-data in Resources */ = {isa = PBXBuildFile; fileRef = D7D04640EB80155C062EFE5C /* espeak-ng-data */; };
		38F3978435AE4E40AAC69345 /* AppEvent.swift in Sources */ = {isa = PBXBuildFile; fileRef = D2255C02A2154138A099DA96 /* AppEvent.swift */; };
		46D59FFF54604B91BB18FA9E /* EventLogStore.swift in Sources */ = {isa = PBXBuildFile; fileRef = 6981E213C2A341EC874AED0B /* EventLogStore.swift */; };
		9B0FE08E774C42E5B117CD0C /* ActionHistoryView.swift in Sources */ = {isa = PBXBuildFile; fileRef = F80DB4FD5EED4130BD8914AC /* ActionHistoryView.swift */; };
		2FBFF6728BED4290A4F9ABB5 /* BugReportView.swift in Sources */ = {isa = PBXBuildFile; fileRef = C62900F134814A55A5F61FDC /* BugReportView.swift */; };
		2058A0C7A761464FB8C0A2CF /* BugReportAndHistoryUITests.swift in Sources */ = {isa = PBXBuildFile; fileRef = 86412867E4614E319CF6B01E /* BugReportAndHistoryUITests.swift */; };
/* End PBXBuildFile section */

/* Begin PBXContainerItemProxy section */
		5FAD302F62943FF14D46BFF8 /* PBXContainerItemProxy */ = {
			isa = PBXContainerItemProxy;
			containerPortal = 5D34D48E6C761EA4755EDBD3 /* Project object */;
			proxyType = 1;
			remoteGlobalIDString = 742B2517A9EC8DA145C99501;
			remoteInfo = WebnovelReader;
		};
/* End PBXContainerItemProxy section */

/* Begin PBXFileReference section */
		02A238C8FEF0622E96FC931A /* SessionStore.swift */ = {isa = PBXFileReference; lastKnownFileType = sourcecode.swift; path = SessionStore.swift; sourceTree = "<group>"; };
		19BB4D3E4A9827CF125F6CC5 /* vi_VN-vais1000-medium.onnx */ = {isa = PBXFileReference; path = "vi_VN-vais1000-medium.onnx"; sourceTree = "<group>"; };
		1F172F2EE00F7768439581E2 /* DownloadedBooksView.swift */ = {isa = PBXFileReference; lastKnownFileType = sourcecode.swift; path = DownloadedBooksView.swift; sourceTree = "<group>"; };
		2538B9C2D810DA7B997904AC /* tokens.txt */ = {isa = PBXFileReference; lastKnownFileType = text; path = tokens.txt; sourceTree = "<group>"; };
		253CFE7887D5A59D89E12AD5 /* ChapterListSheet.swift */ = {isa = PBXFileReference; lastKnownFileType = sourcecode.swift; path = ChapterListSheet.swift; sourceTree = "<group>"; };
		2CFD9E76D43D8E28A05E4A8A /* ReaderSettingsSheet.swift */ = {isa = PBXFileReference; lastKnownFileType = sourcecode.swift; path = ReaderSettingsSheet.swift; sourceTree = "<group>"; };
		2E16D74A6AA8A1A5ED6CF291 /* NetworkMonitor.swift */ = {isa = PBXFileReference; lastKnownFileType = sourcecode.swift; path = NetworkMonitor.swift; sourceTree = "<group>"; };
		38B2768DB2EF882C9504B517 /* PlaybackBar.swift */ = {isa = PBXFileReference; lastKnownFileType = sourcecode.swift; path = PlaybackBar.swift; sourceTree = "<group>"; };
		393BBC110CC5F516C47AD621 /* ReadingProgress.swift */ = {isa = PBXFileReference; lastKnownFileType = sourcecode.swift; path = ReadingProgress.swift; sourceTree = "<group>"; };
		39AFB5C424CB4F3411EF2E1C /* AudioPlaybackService.swift */ = {isa = PBXFileReference; lastKnownFileType = sourcecode.swift; path = AudioPlaybackService.swift; sourceTree = "<group>"; };
		39CB3F89A05B839BE6D59815 /* PlaybackPersistenceUITests.swift */ = {isa = PBXFileReference; lastKnownFileType = sourcecode.swift; path = PlaybackPersistenceUITests.swift; sourceTree = "<group>"; };
		4504947934A2B3AECF872F72 /* LoginView.swift */ = {isa = PBXFileReference; lastKnownFileType = sourcecode.swift; path = LoginView.swift; sourceTree = "<group>"; };
		5117F1E588A2F64078970C56 /* BookRow.swift */ = {isa = PBXFileReference; lastKnownFileType = sourcecode.swift; path = BookRow.swift; sourceTree = "<group>"; };
		590CE78C2F18BB27ED8D519A /* ChapterListUITests.swift */ = {isa = PBXFileReference; lastKnownFileType = sourcecode.swift; path = ChapterListUITests.swift; sourceTree = "<group>"; };
		6501E541F5688086EE375D88 /* ChapterTitles.swift */ = {isa = PBXFileReference; lastKnownFileType = sourcecode.swift; path = ChapterTitles.swift; sourceTree = "<group>"; };
		6587C63291898026681CC4FC /* Keychain.swift */ = {isa = PBXFileReference; lastKnownFileType = sourcecode.swift; path = Keychain.swift; sourceTree = "<group>"; };
		65F1934BFB315721963575A7 /* TextSegmentation.swift */ = {isa = PBXFileReference; lastKnownFileType = sourcecode.swift; path = TextSegmentation.swift; sourceTree = "<group>"; };
		67FCD507015BA179DEAFCA4B /* PiperOfflineTTSService.swift */ = {isa = PBXFileReference; lastKnownFileType = sourcecode.swift; path = PiperOfflineTTSService.swift; sourceTree = "<group>"; };
		6CB0DB5D451A84BABAD77673 /* ReaderSettingsToolbar.swift */ = {isa = PBXFileReference; lastKnownFileType = sourcecode.swift; path = ReaderSettingsToolbar.swift; sourceTree = "<group>"; };
		6D24D2C47B51D7655DCB2A4B /* CoverImage.swift */ = {isa = PBXFileReference; lastKnownFileType = sourcecode.swift; path = CoverImage.swift; sourceTree = "<group>"; };
		6E57E5AABFA973BEC1EC6782 /* ReaderView.swift */ = {isa = PBXFileReference; lastKnownFileType = sourcecode.swift; path = ReaderView.swift; sourceTree = "<group>"; };
		74B2204E8D3D938583F01489 /* ChapterFragmentParser.swift */ = {isa = PBXFileReference; lastKnownFileType = sourcecode.swift; path = ChapterFragmentParser.swift; sourceTree = "<group>"; };
		7D5515B19541614E3D26B666 /* HistoryView.swift */ = {isa = PBXFileReference; lastKnownFileType = sourcecode.swift; path = HistoryView.swift; sourceTree = "<group>"; };
		8B341D7BF826C02000149E75 /* LibraryView.swift */ = {isa = PBXFileReference; lastKnownFileType = sourcecode.swift; path = LibraryView.swift; sourceTree = "<group>"; };
		8DBCCF9522AFEE7CBAD6CA7D /* OfflineDownloadUITests.swift */ = {isa = PBXFileReference; lastKnownFileType = sourcecode.swift; path = OfflineDownloadUITests.swift; sourceTree = "<group>"; };
		91A32907F3C51AD7EB26D010 /* TTSPlaybackUITests.swift */ = {isa = PBXFileReference; lastKnownFileType = sourcecode.swift; path = TTSPlaybackUITests.swift; sourceTree = "<group>"; };
		A23CE4FF9D11C814434BC096 /* ResumeFlowUITests.swift */ = {isa = PBXFileReference; lastKnownFileType = sourcecode.swift; path = ResumeFlowUITests.swift; sourceTree = "<group>"; };
		BB44137B32FE2CC7F103757F /* LoginFlowUITests.swift */ = {isa = PBXFileReference; lastKnownFileType = sourcecode.swift; path = LoginFlowUITests.swift; sourceTree = "<group>"; };
		BCCFA3ECCF1BC534D815BE89 /* WebnovelReaderApp.swift */ = {isa = PBXFileReference; lastKnownFileType = sourcecode.swift; path = WebnovelReaderApp.swift; sourceTree = "<group>"; };
		C0E38D3C42826F7665A2F966 /* WebnovelReaderUITests.xctest */ = {isa = PBXFileReference; includeInIndex = 0; lastKnownFileType = wrapper.cfbundle; path = WebnovelReaderUITests.xctest; sourceTree = BUILT_PRODUCTS_DIR; };
		C2F97CC55E8520B59C8800BB /* WebnovelReader.app */ = {isa = PBXFileReference; includeInIndex = 0; lastKnownFileType = wrapper.application; path = WebnovelReader.app; sourceTree = BUILT_PRODUCTS_DIR; };
		CA3F21C8B4954B34AA708570 /* Assets.xcassets */ = {isa = PBXFileReference; lastKnownFileType = folder.assetcatalog; path = Assets.xcassets; sourceTree = "<group>"; };
		D1B12EADCA0EFAF291FD9838 /* Book.swift */ = {isa = PBXFileReference; lastKnownFileType = sourcecode.swift; path = Book.swift; sourceTree = "<group>"; };
		D7D04640EB80155C062EFE5C /* espeak-ng-data */ = {isa = PBXFileReference; lastKnownFileType = folder; name = "espeak-ng-data"; path = "WebnovelReader/Resources/PiperOffline/espeak-ng-data"; sourceTree = SOURCE_ROOT; };
		D86948B589F016B404B328BE /* ReaderPlaybackController.swift */ = {isa = PBXFileReference; lastKnownFileType = sourcecode.swift; path = ReaderPlaybackController.swift; sourceTree = "<group>"; };
		DBDAC71CFDFC1EC6A3F6CD4E /* BookDetailActionsUITests.swift */ = {isa = PBXFileReference; lastKnownFileType = sourcecode.swift; path = BookDetailActionsUITests.swift; sourceTree = "<group>"; };
		E323E4940121D8CD5ED4F589 /* DownloadManager.swift */ = {isa = PBXFileReference; lastKnownFileType = sourcecode.swift; path = DownloadManager.swift; sourceTree = "<group>"; };
		E77B7759E1190A621260BC2D /* SettingsAndPlaybarLayoutUITests.swift */ = {isa = PBXFileReference; lastKnownFileType = sourcecode.swift; path = SettingsAndPlaybarLayoutUITests.swift; sourceTree = "<group>"; };
		EA4C129AEC16B23659D86A76 /* TTSVoice.swift */ = {isa = PBXFileReference; lastKnownFileType = sourcecode.swift; path = TTSVoice.swift; sourceTree = "<group>"; };
		F60BA012E937FDC3266CEAAC /* BookDetailView.swift */ = {isa = PBXFileReference; lastKnownFileType = sourcecode.swift; path = BookDetailView.swift; sourceTree = "<group>"; };
		F71F4FEECB8FC120E2D7ACA3 /* ProgressStore.swift */ = {isa = PBXFileReference; lastKnownFileType = sourcecode.swift; path = ProgressStore.swift; sourceTree = "<group>"; };
		FE6217F8797409C3BC9D1BFC /* APIClient.swift */ = {isa = PBXFileReference; lastKnownFileType = sourcecode.swift; path = APIClient.swift; sourceTree = "<group>"; };
		D2255C02A2154138A099DA96 /* AppEvent.swift */ = {isa = PBXFileReference; lastKnownFileType = sourcecode.swift; path = AppEvent.swift; sourceTree = "<group>"; };
		6981E213C2A341EC874AED0B /* EventLogStore.swift */ = {isa = PBXFileReference; lastKnownFileType = sourcecode.swift; path = EventLogStore.swift; sourceTree = "<group>"; };
		F80DB4FD5EED4130BD8914AC /* ActionHistoryView.swift */ = {isa = PBXFileReference; lastKnownFileType = sourcecode.swift; path = ActionHistoryView.swift; sourceTree = "<group>"; };
		C62900F134814A55A5F61FDC /* BugReportView.swift */ = {isa = PBXFileReference; lastKnownFileType = sourcecode.swift; path = BugReportView.swift; sourceTree = "<group>"; };
		86412867E4614E319CF6B01E /* BugReportAndHistoryUITests.swift */ = {isa = PBXFileReference; lastKnownFileType = sourcecode.swift; path = BugReportAndHistoryUITests.swift; sourceTree = "<group>"; };
/* End PBXFileReference section */

/* Begin PBXFrameworksBuildPhase section */
		984DD7D968613DAC3B667C7F /* Frameworks */ = {
			isa = PBXFrameworksBuildPhase;
			buildActionMask = 2147483647;
			files = (
				288E6EF37C418E4E17F10599 /* sherpa-onnx in Frameworks */,
			);
			runOnlyForDeploymentPostprocessing = 0;
		};
/* End PBXFrameworksBuildPhase section */

/* Begin PBXGroup section */
		24C4D85E293F450B527D8A2F /* WebnovelReader */ = {
			isa = PBXGroup;
			children = (
				C546B1672C3FDF16BB346526 /* App */,
				A7A3685413D9477378D880C5 /* Audio */,
				BFAB3415967010ED7429F994 /* Download */,
				550B93F910E6547AE6634665 /* Models */,
				D72CFF8FB30CFC7A6F25E2A9 /* Networking */,
				9DD3E03A3F6B27D23E9B06BA /* Progress */,
				A8F63E6B890DD9AC0DCE849F /* Resources */,
				C92E2632E4461A36B7004B2E /* Security */,
				776D0AC67A146637CA1512FD /* TTS */,
				4449F0ED1D23BA692F01B8AA /* Views */,
			);
			path = WebnovelReader;
			sourceTree = "<group>";
		};
		4449F0ED1D23BA692F01B8AA /* Views */ = {
			isa = PBXGroup;
			children = (
				F80DB4FD5EED4130BD8914AC /* ActionHistoryView.swift */,
				F60BA012E937FDC3266CEAAC /* BookDetailView.swift */,
				5117F1E588A2F64078970C56 /* BookRow.swift */,
				C62900F134814A55A5F61FDC /* BugReportView.swift */,
				253CFE7887D5A59D89E12AD5 /* ChapterListSheet.swift */,
				6501E541F5688086EE375D88 /* ChapterTitles.swift */,
				6D24D2C47B51D7655DCB2A4B /* CoverImage.swift */,
				1F172F2EE00F7768439581E2 /* DownloadedBooksView.swift */,
				7D5515B19541614E3D26B666 /* HistoryView.swift */,
				8B341D7BF826C02000149E75 /* LibraryView.swift */,
				4504947934A2B3AECF872F72 /* LoginView.swift */,
				38B2768DB2EF882C9504B517 /* PlaybackBar.swift */,
				2CFD9E76D43D8E28A05E4A8A /* ReaderSettingsSheet.swift */,
				6CB0DB5D451A84BABAD77673 /* ReaderSettingsToolbar.swift */,
				6E57E5AABFA973BEC1EC6782 /* ReaderView.swift */,
			);
			path = Views;
			sourceTree = "<group>";
		};
		44CC00258ECAED55A99EDEDE /* WebnovelReaderUITests */ = {
			isa = PBXGroup;
			children = (
				DBDAC71CFDFC1EC6A3F6CD4E /* BookDetailActionsUITests.swift */,
				86412867E4614E319CF6B01E /* BugReportAndHistoryUITests.swift */,
				590CE78C2F18BB27ED8D519A /* ChapterListUITests.swift */,
				BB44137B32FE2CC7F103757F /* LoginFlowUITests.swift */,
				8DBCCF9522AFEE7CBAD6CA7D /* OfflineDownloadUITests.swift */,
				39CB3F89A05B839BE6D59815 /* PlaybackPersistenceUITests.swift */,
				A23CE4FF9D11C814434BC096 /* ResumeFlowUITests.swift */,
				E77B7759E1190A621260BC2D /* SettingsAndPlaybarLayoutUITests.swift */,
				91A32907F3C51AD7EB26D010 /* TTSPlaybackUITests.swift */,
			);
			path = WebnovelReaderUITests;
			sourceTree = "<group>";
		};
		49E539FBF17C66ECA0FDFA44 = {
			isa = PBXGroup;
			children = (
				24C4D85E293F450B527D8A2F /* WebnovelReader */,
				44CC00258ECAED55A99EDEDE /* WebnovelReaderUITests */,
				842308F4F81D147E7A905121 /* Products */,
			);
			sourceTree = "<group>";
		};
		550B93F910E6547AE6634665 /* Models */ = {
			isa = PBXGroup;
			children = (
				D2255C02A2154138A099DA96 /* AppEvent.swift */,
				D1B12EADCA0EFAF291FD9838 /* Book.swift */,
				393BBC110CC5F516C47AD621 /* ReadingProgress.swift */,
			);
			path = Models;
			sourceTree = "<group>";
		};
		776D0AC67A146637CA1512FD /* TTS */ = {
			isa = PBXGroup;
			children = (
				67FCD507015BA179DEAFCA4B /* PiperOfflineTTSService.swift */,
				D86948B589F016B404B328BE /* ReaderPlaybackController.swift */,
				65F1934BFB315721963575A7 /* TextSegmentation.swift */,
				EA4C129AEC16B23659D86A76 /* TTSVoice.swift */,
			);
			path = TTS;
			sourceTree = "<group>";
		};
		842308F4F81D147E7A905121 /* Products */ = {
			isa = PBXGroup;
			children = (
				C2F97CC55E8520B59C8800BB /* WebnovelReader.app */,
				C0E38D3C42826F7665A2F966 /* WebnovelReaderUITests.xctest */,
			);
			name = Products;
			sourceTree = "<group>";
		};
		9DD3E03A3F6B27D23E9B06BA /* Progress */ = {
			isa = PBXGroup;
			children = (
				6981E213C2A341EC874AED0B /* EventLogStore.swift */,
				F71F4FEECB8FC120E2D7ACA3 /* ProgressStore.swift */,
			);
			path = Progress;
			sourceTree = "<group>";
		};
		A7A3685413D9477378D880C5 /* Audio */ = {
			isa = PBXGroup;
			children = (
				39AFB5C424CB4F3411EF2E1C /* AudioPlaybackService.swift */,
			);
			path = Audio;
			sourceTree = "<group>";
		};
		A8F63E6B890DD9AC0DCE849F /* Resources */ = {
			isa = PBXGroup;
			children = (
				CA3F21C8B4954B34AA708570 /* Assets.xcassets */,
				B341071D5232D01B72A1F877 /* PiperOffline */,
			);
			path = Resources;
			sourceTree = "<group>";
		};
		B341071D5232D01B72A1F877 /* PiperOffline */ = {
			isa = PBXGroup;
			children = (
				D7D04640EB80155C062EFE5C /* espeak-ng-data */,
				2538B9C2D810DA7B997904AC /* tokens.txt */,
				19BB4D3E4A9827CF125F6CC5 /* vi_VN-vais1000-medium.onnx */,
			);
			path = PiperOffline;
			sourceTree = "<group>";
		};
		BFAB3415967010ED7429F994 /* Download */ = {
			isa = PBXGroup;
			children = (
				E323E4940121D8CD5ED4F589 /* DownloadManager.swift */,
			);
			path = Download;
			sourceTree = "<group>";
		};
		C546B1672C3FDF16BB346526 /* App */ = {
			isa = PBXGroup;
			children = (
				BCCFA3ECCF1BC534D815BE89 /* WebnovelReaderApp.swift */,
			);
			path = App;
			sourceTree = "<group>";
		};
		C92E2632E4461A36B7004B2E /* Security */ = {
			isa = PBXGroup;
			children = (
				6587C63291898026681CC4FC /* Keychain.swift */,
			);
			path = Security;
			sourceTree = "<group>";
		};
		D72CFF8FB30CFC7A6F25E2A9 /* Networking */ = {
			isa = PBXGroup;
			children = (
				FE6217F8797409C3BC9D1BFC /* APIClient.swift */,
				74B2204E8D3D938583F01489 /* ChapterFragmentParser.swift */,
				2E16D74A6AA8A1A5ED6CF291 /* NetworkMonitor.swift */,
				02A238C8FEF0622E96FC931A /* SessionStore.swift */,
			);
			path = Networking;
			sourceTree = "<group>";
		};
/* End PBXGroup section */

/* Begin PBXNativeTarget section */
		586798BAA0941831EFC0E8B1 /* WebnovelReaderUITests */ = {
			isa = PBXNativeTarget;
			buildConfigurationList = FBDCBB1EA5E6FD89D4C80992 /* Build configuration list for PBXNativeTarget "WebnovelReaderUITests" */;
			buildPhases = (
				D456A85FC531CCB4F968BE4A /* Sources */,
			);
			buildRules = (
			);
			dependencies = (
				F7C91FBE90C3CCA53D80D08A /* PBXTargetDependency */,
			);
			name = WebnovelReaderUITests;
			packageProductDependencies = (
			);
			productName = WebnovelReaderUITests;
			productReference = C0E38D3C42826F7665A2F966 /* WebnovelReaderUITests.xctest */;
			productType = "com.apple.product-type.bundle.ui-testing";
		};
		742B2517A9EC8DA145C99501 /* WebnovelReader */ = {
			isa = PBXNativeTarget;
			buildConfigurationList = 9658FDC098F79E43F90457DB /* Build configuration list for PBXNativeTarget "WebnovelReader" */;
			buildPhases = (
				6292A9195DA1F145FC9BDB42 /* Sources */,
				3579980DC8B201EA4701BF26 /* Resources */,
				984DD7D968613DAC3B667C7F /* Frameworks */,
			);
			buildRules = (
			);
			dependencies = (
			);
			name = WebnovelReader;
			packageProductDependencies = (
				7077642E7C1882099C491E58 /* sherpa-onnx */,
			);
			productName = WebnovelReader;
			productReference = C2F97CC55E8520B59C8800BB /* WebnovelReader.app */;
			productType = "com.apple.product-type.application";
		};
/* End PBXNativeTarget section */

/* Begin PBXProject section */
		5D34D48E6C761EA4755EDBD3 /* Project object */ = {
			isa = PBXProject;
			attributes = {
				BuildIndependentTargetsInParallel = YES;
				LastUpgradeCheck = 1430;
				TargetAttributes = {
					586798BAA0941831EFC0E8B1 = {
						DevelopmentTeam = R5U3W3463A;
						ProvisioningStyle = Automatic;
						TestTargetID = 742B2517A9EC8DA145C99501;
					};
					742B2517A9EC8DA145C99501 = {
						DevelopmentTeam = R5U3W3463A;
						ProvisioningStyle = Automatic;
					};
				};
			};
			buildConfigurationList = 347F3839985F259380D0D313 /* Build configuration list for PBXProject "WebnovelReader" */;
			developmentRegion = en;
			hasScannedForEncodings = 0;
			knownRegions = (
				Base,
				en,
			);
			mainGroup = 49E539FBF17C66ECA0FDFA44;
			minimizedProjectReferenceProxies = 1;
			packageReferences = (
				E6AE861AF5232330B796CD85 /* XCRemoteSwiftPackageReference "sherpa-onnx" */,
			);
			preferredProjectObjectVersion = 77;
			productRefGroup = 842308F4F81D147E7A905121 /* Products */;
			projectDirPath = "";
			projectRoot = "";
			targets = (
				742B2517A9EC8DA145C99501 /* WebnovelReader */,
				586798BAA0941831EFC0E8B1 /* WebnovelReaderUITests */,
			);
		};
/* End PBXProject section */

/* Begin PBXResourcesBuildPhase section */
		3579980DC8B201EA4701BF26 /* Resources */ = {
			isa = PBXResourcesBuildPhase;
			buildActionMask = 2147483647;
			files = (
				60D547ECFC0BF5D6FBA4D62A /* Assets.xcassets in Resources */,
				FED5D0C4F738A6E4022D7274 /* espeak-ng-data in Resources */,
				AEFD1810A6923AFCB301959D /* tokens.txt in Resources */,
				BC7774DC5AA3F54E7F5C5299 /* vi_VN-vais1000-medium.onnx in Resources */,
			);
			runOnlyForDeploymentPostprocessing = 0;
		};
/* End PBXResourcesBuildPhase section */

/* Begin PBXSourcesBuildPhase section */
		6292A9195DA1F145FC9BDB42 /* Sources */ = {
			isa = PBXSourcesBuildPhase;
			buildActionMask = 2147483647;
			files = (
				9B0FE08E774C42E5B117CD0C /* ActionHistoryView.swift in Sources */,
				9447EC2CEA1E4B3C0F55C341 /* APIClient.swift in Sources */,
				38F3978435AE4E40AAC69345 /* AppEvent.swift in Sources */,
				82E705700471517BACD99233 /* AudioPlaybackService.swift in Sources */,
				1BB202042E037EAF2316FE48 /* Book.swift in Sources */,
				057BB42A7DC6DA1662FFC305 /* BookDetailView.swift in Sources */,
				329DA27C71D1EAD15CB7E3EF /* BookRow.swift in Sources */,
				2FBFF6728BED4290A4F9ABB5 /* BugReportView.swift in Sources */,
				91133D4F60ADB994746EBB32 /* ChapterFragmentParser.swift in Sources */,
				712CC9D873EC43419CBADFFC /* ChapterListSheet.swift in Sources */,
				814D74F701676CD7B17DB49D /* ChapterTitles.swift in Sources */,
				E1D6DCC98BFD391488935A9C /* CoverImage.swift in Sources */,
				405FB7143AFA70ACA00B3F7F /* DownloadManager.swift in Sources */,
				CBCE947F9F049237E90DE1BB /* DownloadedBooksView.swift in Sources */,
				46D59FFF54604B91BB18FA9E /* EventLogStore.swift in Sources */,
				A5C0C56FA9DBCFB7E20E056E /* HistoryView.swift in Sources */,
				62C269BBB96D7C16A2EB3462 /* Keychain.swift in Sources */,
				E737A4B4DB04177DA20C8D61 /* LibraryView.swift in Sources */,
				589A1BFA8C2F69AA15C5B895 /* LoginView.swift in Sources */,
				E729385900ADBD810C521459 /* NetworkMonitor.swift in Sources */,
				C30C58DC9526D986385052DC /* PiperOfflineTTSService.swift in Sources */,
				4BD6C852923B36C639FF988B /* PlaybackBar.swift in Sources */,
				7F6655053DDE66F5844B0A78 /* ProgressStore.swift in Sources */,
				5952907776FF164D7CFE6429 /* ReaderPlaybackController.swift in Sources */,
				B174696283E4D1D69C9A4ACA /* ReaderSettingsSheet.swift in Sources */,
				1A30F8BB4FD35394AAA420C5 /* ReaderSettingsToolbar.swift in Sources */,
				84CDE63B346CFA8781341F91 /* ReaderView.swift in Sources */,
				ABCBDA0B1D0335FE4650CC24 /* ReadingProgress.swift in Sources */,
				0BDDA8058FCDA7E8B0FA23D2 /* SessionStore.swift in Sources */,
				33D575D0EB0BE195DE94E78F /* TTSVoice.swift in Sources */,
				EAE570E582ECF7A0E5F68BCA /* TextSegmentation.swift in Sources */,
				1EFD6360A2C903E322D7E5E2 /* WebnovelReaderApp.swift in Sources */,
			);
			runOnlyForDeploymentPostprocessing = 0;
		};
		D456A85FC531CCB4F968BE4A /* Sources */ = {
			isa = PBXSourcesBuildPhase;
			buildActionMask = 2147483647;
			files = (
				62E40856A93A1A0D969DCA5B /* BookDetailActionsUITests.swift in Sources */,
				2058A0C7A761464FB8C0A2CF /* BugReportAndHistoryUITests.swift in Sources */,
				12F8A89E5D0FD951278E87D3 /* ChapterListUITests.swift in Sources */,
				B1158413D4404F3BA886912F /* LoginFlowUITests.swift in Sources */,
				525D00CEE7BDBD175A01D2E4 /* OfflineDownloadUITests.swift in Sources */,
				8B9DFD7D380097A7AE637604 /* PlaybackPersistenceUITests.swift in Sources */,
				5D9892CB3ADD91F8903A819C /* ResumeFlowUITests.swift in Sources */,
				4C2FD0CE1A38BE36C260D241 /* SettingsAndPlaybarLayoutUITests.swift in Sources */,
				CA7ECBB0F96F47DE90BDDA58 /* TTSPlaybackUITests.swift in Sources */,
			);
			runOnlyForDeploymentPostprocessing = 0;
		};
/* End PBXSourcesBuildPhase section */

/* Begin PBXTargetDependency section */
		F7C91FBE90C3CCA53D80D08A /* PBXTargetDependency */ = {
			isa = PBXTargetDependency;
			target = 742B2517A9EC8DA145C99501 /* WebnovelReader */;
			targetProxy = 5FAD302F62943FF14D46BFF8 /* PBXContainerItemProxy */;
		};
/* End PBXTargetDependency section */

/* Begin XCBuildConfiguration section */
		2E393E190D90DF5A6E0AF968 /* Debug */ = {
			isa = XCBuildConfiguration;
			buildSettings = {
				BUNDLE_LOADER = "$(TEST_HOST)";
				GENERATE_INFOPLIST_FILE = YES;
				LD_RUNPATH_SEARCH_PATHS = (
					"$(inherited)",
					"@executable_path/Frameworks",
					"@loader_path/Frameworks",
				);
				PRODUCT_BUNDLE_IDENTIFIER = dev.yanglong.webnovelreader.uitests;
				SDKROOT = iphoneos;
				TARGETED_DEVICE_FAMILY = "1,2";
				TEST_TARGET_NAME = WebnovelReader;
			};
			name = Debug;
		};
		8AD706A598674F6FFA3EB5E9 /* Release */ = {
			isa = XCBuildConfiguration;
			buildSettings = {
				ALWAYS_SEARCH_USER_PATHS = NO;
				CLANG_ANALYZER_NONNULL = YES;
				CLANG_ANALYZER_NUMBER_OBJECT_CONVERSION = YES_AGGRESSIVE;
				CLANG_CXX_LANGUAGE_STANDARD = "gnu++14";
				CLANG_CXX_LIBRARY = "libc++";
				CLANG_ENABLE_MODULES = YES;
				CLANG_ENABLE_OBJC_ARC = YES;
				CLANG_ENABLE_OBJC_WEAK = YES;
				CLANG_WARN_BLOCK_CAPTURE_AUTORELEASING = YES;
				CLANG_WARN_BOOL_CONVERSION = YES;
				CLANG_WARN_COMMA = YES;
				CLANG_WARN_CONSTANT_CONVERSION = YES;
				CLANG_WARN_DEPRECATED_OBJC_IMPLEMENTATIONS = YES;
				CLANG_WARN_DIRECT_OBJC_ISA_USAGE = YES_ERROR;
				CLANG_WARN_DOCUMENTATION_COMMENTS = YES;
				CLANG_WARN_EMPTY_BODY = YES;
				CLANG_WARN_ENUM_CONVERSION = YES;
				CLANG_WARN_INFINITE_RECURSION = YES;
				CLANG_WARN_INT_CONVERSION = YES;
				CLANG_WARN_NON_LITERAL_NULL_CONVERSION = YES;
				CLANG_WARN_OBJC_IMPLICIT_RETAIN_SELF = YES;
				CLANG_WARN_OBJC_LITERAL_CONVERSION = YES;
				CLANG_WARN_OBJC_ROOT_CLASS = YES_ERROR;
				CLANG_WARN_QUOTED_INCLUDE_IN_FRAMEWORK_HEADER = YES;
				CLANG_WARN_RANGE_LOOP_ANALYSIS = YES;
				CLANG_WARN_STRICT_PROTOTYPES = YES;
				CLANG_WARN_SUSPICIOUS_MOVE = YES;
				CLANG_WARN_UNGUARDED_AVAILABILITY = YES_AGGRESSIVE;
				CLANG_WARN_UNREACHABLE_CODE = YES;
				CLANG_WARN__DUPLICATE_METHOD_MATCH = YES;
				CODE_SIGN_STYLE = Automatic;
				COPY_PHASE_STRIP = NO;
				DEBUG_INFORMATION_FORMAT = "dwarf-with-dsym";
				DEVELOPMENT_TEAM = R5U3W3463A;
				ENABLE_NS_ASSERTIONS = NO;
				ENABLE_STRICT_OBJC_MSGSEND = YES;
				GCC_C_LANGUAGE_STANDARD = gnu11;
				GCC_NO_COMMON_BLOCKS = YES;
				GCC_WARN_64_TO_32_BIT_CONVERSION = YES;
				GCC_WARN_ABOUT_RETURN_TYPE = YES_ERROR;
				GCC_WARN_UNDECLARED_SELECTOR = YES;
				GCC_WARN_UNINITIALIZED_AUTOS = YES_AGGRESSIVE;
				GCC_WARN_UNUSED_FUNCTION = YES;
				GCC_WARN_UNUSED_VARIABLE = YES;
				IPHONEOS_DEPLOYMENT_TARGET = 17.0;
				MTL_ENABLE_DEBUG_INFO = NO;
				MTL_FAST_MATH = YES;
				PRODUCT_NAME = "$(TARGET_NAME)";
				SDKROOT = iphoneos;
				SWIFT_COMPILATION_MODE = wholemodule;
				SWIFT_OPTIMIZATION_LEVEL = "-O";
				SWIFT_VERSION = 6.0;
			};
			name = Release;
		};
		A7D9EF3F86A5DDC61F074A78 /* Debug */ = {
			isa = XCBuildConfiguration;
			buildSettings = {
				ASSETCATALOG_COMPILER_APPICON_NAME = AppIcon;
				ASSETCATALOG_COMPILER_GLOBAL_ACCENT_COLOR_NAME = AccentColor;
				CODE_SIGN_IDENTITY = "iPhone Developer";
				INFOPLIST_FILE = "Generated-Info.plist";
				LD_RUNPATH_SEARCH_PATHS = (
					"$(inherited)",
					"@executable_path/Frameworks",
				);
				PRODUCT_BUNDLE_IDENTIFIER = dev.yanglong.webnovelreader;
				PRODUCT_NAME = WebnovelReader;
				SDKROOT = iphoneos;
				TARGETED_DEVICE_FAMILY = 1;
			};
			name = Debug;
		};
		B46D79EBE011787E4A0EB798 /* Release */ = {
			isa = XCBuildConfiguration;
			buildSettings = {
				BUNDLE_LOADER = "$(TEST_HOST)";
				GENERATE_INFOPLIST_FILE = YES;
				LD_RUNPATH_SEARCH_PATHS = (
					"$(inherited)",
					"@executable_path/Frameworks",
					"@loader_path/Frameworks",
				);
				PRODUCT_BUNDLE_IDENTIFIER = dev.yanglong.webnovelreader.uitests;
				SDKROOT = iphoneos;
				TARGETED_DEVICE_FAMILY = "1,2";
				TEST_TARGET_NAME = WebnovelReader;
			};
			name = Release;
		};
		F886F568F9EBDF1F6FD3EE07 /* Debug */ = {
			isa = XCBuildConfiguration;
			buildSettings = {
				ALWAYS_SEARCH_USER_PATHS = NO;
				CLANG_ANALYZER_NONNULL = YES;
				CLANG_ANALYZER_NUMBER_OBJECT_CONVERSION = YES_AGGRESSIVE;
				CLANG_CXX_LANGUAGE_STANDARD = "gnu++14";
				CLANG_CXX_LIBRARY = "libc++";
				CLANG_ENABLE_MODULES = YES;
				CLANG_ENABLE_OBJC_ARC = YES;
				CLANG_ENABLE_OBJC_WEAK = YES;
				CLANG_WARN_BLOCK_CAPTURE_AUTORELEASING = YES;
				CLANG_WARN_BOOL_CONVERSION = YES;
				CLANG_WARN_COMMA = YES;
				CLANG_WARN_CONSTANT_CONVERSION = YES;
				CLANG_WARN_DEPRECATED_OBJC_IMPLEMENTATIONS = YES;
				CLANG_WARN_DIRECT_OBJC_ISA_USAGE = YES_ERROR;
				CLANG_WARN_DOCUMENTATION_COMMENTS = YES;
				CLANG_WARN_EMPTY_BODY = YES;
				CLANG_WARN_ENUM_CONVERSION = YES;
				CLANG_WARN_INFINITE_RECURSION = YES;
				CLANG_WARN_INT_CONVERSION = YES;
				CLANG_WARN_NON_LITERAL_NULL_CONVERSION = YES;
				CLANG_WARN_OBJC_IMPLICIT_RETAIN_SELF = YES;
				CLANG_WARN_OBJC_LITERAL_CONVERSION = YES;
				CLANG_WARN_OBJC_ROOT_CLASS = YES_ERROR;
				CLANG_WARN_QUOTED_INCLUDE_IN_FRAMEWORK_HEADER = YES;
				CLANG_WARN_RANGE_LOOP_ANALYSIS = YES;
				CLANG_WARN_STRICT_PROTOTYPES = YES;
				CLANG_WARN_SUSPICIOUS_MOVE = YES;
				CLANG_WARN_UNGUARDED_AVAILABILITY = YES_AGGRESSIVE;
				CLANG_WARN_UNREACHABLE_CODE = YES;
				CLANG_WARN__DUPLICATE_METHOD_MATCH = YES;
				CODE_SIGN_STYLE = Automatic;
				COPY_PHASE_STRIP = NO;
				DEBUG_INFORMATION_FORMAT = dwarf;
				DEVELOPMENT_TEAM = R5U3W3463A;
				ENABLE_STRICT_OBJC_MSGSEND = YES;
				ENABLE_TESTABILITY = YES;
				GCC_C_LANGUAGE_STANDARD = gnu11;
				GCC_DYNAMIC_NO_PIC = NO;
				GCC_NO_COMMON_BLOCKS = YES;
				GCC_OPTIMIZATION_LEVEL = 0;
				GCC_PREPROCESSOR_DEFINITIONS = (
					"$(inherited)",
					"DEBUG=1",
				);
				GCC_WARN_64_TO_32_BIT_CONVERSION = YES;
				GCC_WARN_ABOUT_RETURN_TYPE = YES_ERROR;
				GCC_WARN_UNDECLARED_SELECTOR = YES;
				GCC_WARN_UNINITIALIZED_AUTOS = YES_AGGRESSIVE;
				GCC_WARN_UNUSED_FUNCTION = YES;
				GCC_WARN_UNUSED_VARIABLE = YES;
				IPHONEOS_DEPLOYMENT_TARGET = 17.0;
				MTL_ENABLE_DEBUG_INFO = INCLUDE_SOURCE;
				MTL_FAST_MATH = YES;
				ONLY_ACTIVE_ARCH = YES;
				PRODUCT_NAME = "$(TARGET_NAME)";
				SDKROOT = iphoneos;
				SWIFT_ACTIVE_COMPILATION_CONDITIONS = DEBUG;
				SWIFT_OPTIMIZATION_LEVEL = "-Onone";
				SWIFT_VERSION = 6.0;
			};
			name = Debug;
		};
		F8C6F98D977F064C468ECC41 /* Release */ = {
			isa = XCBuildConfiguration;
			buildSettings = {
				ASSETCATALOG_COMPILER_APPICON_NAME = AppIcon;
				ASSETCATALOG_COMPILER_GLOBAL_ACCENT_COLOR_NAME = AccentColor;
				CODE_SIGN_IDENTITY = "iPhone Developer";
				INFOPLIST_FILE = "Generated-Info.plist";
				LD_RUNPATH_SEARCH_PATHS = (
					"$(inherited)",
					"@executable_path/Frameworks",
				);
				PRODUCT_BUNDLE_IDENTIFIER = dev.yanglong.webnovelreader;
				PRODUCT_NAME = WebnovelReader;
				SDKROOT = iphoneos;
				TARGETED_DEVICE_FAMILY = 1;
			};
			name = Release;
		};
/* End XCBuildConfiguration section */

/* Begin XCConfigurationList section */
		347F3839985F259380D0D313 /* Build configuration list for PBXProject "WebnovelReader" */ = {
			isa = XCConfigurationList;
			buildConfigurations = (
				F886F568F9EBDF1F6FD3EE07 /* Debug */,
				8AD706A598674F6FFA3EB5E9 /* Release */,
			);
			defaultConfigurationIsVisible = 0;
			defaultConfigurationName = Debug;
		};
		9658FDC098F79E43F90457DB /* Build configuration list for PBXNativeTarget "WebnovelReader" */ = {
			isa = XCConfigurationList;
			buildConfigurations = (
				A7D9EF3F86A5DDC61F074A78 /* Debug */,
				F8C6F98D977F064C468ECC41 /* Release */,
			);
			defaultConfigurationIsVisible = 0;
			defaultConfigurationName = Debug;
		};
		FBDCBB1EA5E6FD89D4C80992 /* Build configuration list for PBXNativeTarget "WebnovelReaderUITests" */ = {
			isa = XCConfigurationList;
			buildConfigurations = (
				2E393E190D90DF5A6E0AF968 /* Debug */,
				B46D79EBE011787E4A0EB798 /* Release */,
			);
			defaultConfigurationIsVisible = 0;
			defaultConfigurationName = Debug;
		};
/* End XCConfigurationList section */

/* Begin XCRemoteSwiftPackageReference section */
		E6AE861AF5232330B796CD85 /* XCRemoteSwiftPackageReference "sherpa-onnx" */ = {
			isa = XCRemoteSwiftPackageReference;
			repositoryURL = "https://github.com/k2-fsa/sherpa-onnx";
			requirement = {
				kind = revision;
				revision = 634265c9b57642fdd158120148785c89aa281c4b;
			};
		};
/* End XCRemoteSwiftPackageReference section */

/* Begin XCSwiftPackageProductDependency section */
		7077642E7C1882099C491E58 /* sherpa-onnx */ = {
			isa = XCSwiftPackageProductDependency;
			package = E6AE861AF5232330B796CD85 /* XCRemoteSwiftPackageReference "sherpa-onnx" */;
			productName = "sherpa-onnx";
		};
/* End XCSwiftPackageProductDependency section */
	};
	rootObject = 5D34D48E6C761EA4755EDBD3 /* Project object */;
}
